<?xml version="1.0" encoding="utf-8"?>
<Project ToolsVersion="4.0" xmlns="http://schemas.microsoft.com/developer/msbuild/2003">
  <ItemGroup>
    <Filter Include="Kernel">
      <UniqueIdentifier>{461ce1cd-230d-4d0c-a3f7-3ce19c184fc6}</UniqueIdentifier>
    </Filter>
    <Filter Include="Core">
      <UniqueIdentifier>{59e9ffc9-4bb2-4b39-b298-634d1f58f817}</UniqueIdentifier>
    </Filter>
    <Filter Include="Core\OpenAL">
      <UniqueIdentifier>{95c762f0-2690-4e89-9d02-f9a02e4ae92e}</UniqueIdentifier>
    </Filter>
    <Filter Include="Emitter">
      <UniqueIdentifier>{3f1ee51e-6888-4a8a-897e-6f3501bdeb81}</UniqueIdentifier>
    </Filter>
    <Filter Include="Source">
      <UniqueIdentifier>{4e192f7d-6000-43a4-a120-deb2fadfcd20}</UniqueIdentifier>
    </Filter>
    <Filter Include="Target">
      <UniqueIdentifier>{2331b93b-c652-493d-8bf6-862018c610c6}</UniqueIdentifier>
    </Filter>
    <Filter Include="Target\OpenAL">
      <UniqueIdentifier>{a2d38217-f445-4e08-ad2c-a4b647d96dc7}</UniqueIdentifier>
    </Filter>
    <Filter Include="Environment">
      <UniqueIdentifier>{e97e60c0-3cbb-4b1c-bfad-a2a34f8a815c}</UniqueIdentifier>
    </Filter>
    <Filter Include="Cache">
      <UniqueIdentifier>{65928e7d-daf6-4637-83f0-3e90354f009e}</UniqueIdentifier>
    </Filter>
  </ItemGroup>
  <ItemGroup>
    <ClInclude Include="cl_intersect.h">
      <Filter>Kernel</Filter>
    </ClInclude>
    <ClInclude Include="Sound.h">
      <Filter>Kernel</Filter>
    </ClInclude>
    <ClInclude Include="SoundRender.h">
      <Filter>Kernel</Filter>
    </ClInclude>
    <ClInclude Include="stdafx.h">
      <Filter>Kernel</Filter>
    </ClInclude>
    <ClInclude Include="SoundRender_Core.h">
      <Filter>Core</Filter>
    </ClInclude>
    <ClInclude Include="OpenALDeviceList.h">
      <Filter>Core\OpenAL</Filter>
    </ClInclude>
    <ClInclude Include="SoundRender_CoreA.h">
      <Filter>Core\OpenAL</Filter>
    </ClInclude>
    <ClInclude Include="SoundRender_Emitter.h">
      <Filter>Emitter</Filter>
    </ClInclude>
    <ClInclude Include="SoundRender_Source.h">
      <Filter>Source</Filter>
    </ClInclude>
    <ClInclude Include="SoundRender_Target.h">
      <Filter>Target</Filter>
    </ClInclude>
    <ClInclude Include="SoundRender_TargetA.h">
      <Filter>Target\OpenAL</Filter>
    </ClInclude>
    <ClInclude Include="SoundRender_Environment.h">
      <Filter>Environment</Filter>
    </ClInclude>
    <ClInclude Include="SoundRender_Cache.h">
      <Filter>Cache</Filter>
    </ClInclude>
  </ItemGroup>
  <ItemGroup>
    <ClCompile Include="guids.cpp">
      <Filter>Kernel</Filter>
    </ClCompile>
    <ClCompile Include="sound.cpp">
      <Filter>Kernel</Filter>
    </ClCompile>
    <ClCompile Include="stdafx.cpp">
      <Filter>Kernel</Filter>
    </ClCompile>
    <ClCompile Include="SoundRender_Core.cpp">
      <Filter>Core</Filter>
    </ClCompile>
    <ClCompile Include="SoundRender_Core_Processor.cpp">
      <Filter>Core</Filter>
    </ClCompile>
    <ClCompile Include="SoundRender_Core_SourceManager.cpp">
      <Filter>Core</Filter>
    </ClCompile>
    <ClCompile Include="SoundRender_Core_StartStop.cpp">
      <Filter>Core</Filter>
    </ClCompile>
    <ClCompile Include="OpenALDeviceList.cpp">
      <Filter>Core\OpenAL</Filter>
    </ClCompile>
    <ClCompile Include="SoundRender_CoreA.cpp">
      <Filter>Core\OpenAL</Filter>
    </ClCompile>
    <ClCompile Include="SoundRender_Emitter.cpp">
      <Filter>Emitter</Filter>
    </ClCompile>
    <ClCompile Include="SoundRender_Emitter_FSM.cpp">
      <Filter>Emitter</Filter>
    </ClCompile>
    <ClCompile Include="SoundRender_Emitter_StartStop.cpp">
      <Filter>Emitter</Filter>
    </ClCompile>
    <ClCompile Include="SoundRender_Emitter_streamer.cpp">
      <Filter>Emitter</Filter>
    </ClCompile>
    <ClCompile Include="SoundRender_Source.cpp">
      <Filter>Source</Filter>
    </ClCompile>
    <ClCompile Include="SoundRender_Source_loader.cpp">
      <Filter>Source</Filter>
    </ClCompile>
    <ClCompile Include="SoundRender_Target.cpp">
      <Filter>Target</Filter>
    </ClCompile>
    <ClCompile Include="SoundRender_TargetA.cpp">
      <Filter>Target\OpenAL</Filter>
    </ClCompile>
    <ClCompile Include="SoundRender_Environment.cpp">
      <Filter>Environment</Filter>
    </ClCompile>
    <ClCompile Include="SoundRender_Cache.cpp">
      <Filter>Cache</Filter>
    </ClCompile>
  </ItemGroup>
</Project>