<?xml version="1.0" encoding="utf-8"?>
<Project ToolsVersion="4.0" xmlns="http://schemas.microsoft.com/developer/msbuild/2003">
  <ItemGroup>
    <Filter Include="Kernel">
      <UniqueIdentifier>{eed55626-c43d-4e07-ac95-75d75ee57981}</UniqueIdentifier>
    </Filter>
    <Filter Include="Headers">
      <UniqueIdentifier>{68c71e46-4ef5-437d-87bb-25154d0cc881}</UniqueIdentifier>
    </Filter>
    <Filter Include="Skinning">
      <UniqueIdentifier>{56902ffe-43d8-4eb7-ab3b-a74598d8a560}</UniqueIdentifier>
    </Filter>
    <Filter Include="Resources">
      <UniqueIdentifier>{51ad44ca-1732-426f-9db3-aaf4aced67b6}</UniqueIdentifier>
    </Filter>
    <Filter Include="TTAPI">
      <UniqueIdentifier>{5ed28d1a-bf96-4f90-8b7e-bc70a747afc6}</UniqueIdentifier>
    </Filter>
    <Filter Include="PLC">
      <UniqueIdentifier>{24e951f2-2a77-4269-8d56-6e392a39c2c2}</UniqueIdentifier>
    </Filter>
  </ItemGroup>
  <ItemGroup>
    <ClCompile Include="StdAfx.cpp">
      <Filter>Kernel</Filter>
    </ClCompile>
    <ClCompile Include="xrCPU_Pipe.cpp">
      <Filter>Kernel</Filter>
    </ClCompile>
    <ClCompile Include="xrSkin2W.cpp">
      <Filter>Skinning</Filter>
    </ClCompile>
    <ClCompile Include="xrSkin2W_SSE.cpp">
      <Filter>Skinning</Filter>
    </ClCompile>
    <ClCompile Include="xrSkin2W_thread.cpp">
      <Filter>Skinning</Filter>
    </ClCompile>
    <ClCompile Include="ttapi.cpp">
      <Filter>TTAPI</Filter>
    </ClCompile>
    <ClCompile Include="PLC.cpp">
      <Filter>PLC</Filter>
    </ClCompile>
  </ItemGroup>
  <ItemGroup>
    <ClInclude Include="StdAfx.h">
      <Filter>Headers</Filter>
    </ClInclude>
    <ClInclude Include="xrCPU_Pipe.h">
      <Filter>Headers</Filter>
    </ClInclude>
    <ClInclude Include="resource.h">
      <Filter>Resources</Filter>
    </ClInclude>
    <ClInclude Include="ttapi.h">
      <Filter>TTAPI</Filter>
    </ClInclude>
  </ItemGroup>
  <ItemGroup>
    <ResourceCompile Include="xrCPU_Pipe.rc">
      <Filter>Resources</Filter>
    </ResourceCompile>
  </ItemGroup>
</Project>