<?xml version="1.0" encoding="utf-8"?>
<Project ToolsVersion="4.0" xmlns="http://schemas.microsoft.com/developer/msbuild/2003">
  <ItemGroup>
    <Filter Include="core">
      <UniqueIdentifier>{5d7894c7-c93e-4fe3-807e-dc19ca88a071}</UniqueIdentifier>
    </Filter>
    <Filter Include="controls">
      <UniqueIdentifier>{c53deb2e-8ca3-435f-ae4e-d7aa629a79eb}</UniqueIdentifier>
    </Filter>
    <Filter Include="controls\property_grid">
      <UniqueIdentifier>{0c9d14b7-e49a-49ed-af28-aa65fc22b55d}</UniqueIdentifier>
    </Filter>
    <Filter Include="interfaces">
      <UniqueIdentifier>{1894a36c-43a1-4f73-a77b-ae2cd5b4642d}</UniqueIdentifier>
    </Filter>
  </ItemGroup>
  <ItemGroup>
    <ClCompile Include="AssemblyInfo.cpp">
      <Filter>core</Filter>
    </ClCompile>
    <ClCompile Include="pch.cpp">
      <Filter>core</Filter>
    </ClCompile>
    <ClCompile Include="property_grid.cpp">
      <Filter>controls\property_grid</Filter>
    </ClCompile>
  </ItemGroup>
  <ItemGroup>
    <ClInclude Include="pch.hpp">
      <Filter>core</Filter>
    </ClInclude>
    <ClInclude Include="property_grid.hpp">
      <Filter>controls\property_grid</Filter>
    </ClInclude>
    <ClInclude Include="property_container_interface.hpp">
      <Filter>interfaces</Filter>
    </ClInclude>
    <ClInclude Include="property_incrementable.hpp">
      <Filter>interfaces</Filter>
    </ClInclude>
    <ClInclude Include="property_mouse_events.hpp">
      <Filter>interfaces</Filter>
    </ClInclude>
    <ClInclude Include="property_value.hpp">
      <Filter>interfaces</Filter>
    </ClInclude>
  </ItemGroup>
</Project>