<?xml version="1.0" encoding="utf-8"?>
<Project ToolsVersion="4.0" xmlns="http://schemas.microsoft.com/developer/msbuild/2003">
  <ItemGroup>
    <Filter Include="windows">
      <UniqueIdentifier>{a71fd016-f095-4fdf-a00a-33d5f3d2e25a}</UniqueIdentifier>
    </Filter>
    <Filter Include="windows\ide">
      <UniqueIdentifier>{dc0502e0-2f67-4a50-8a79-ba4cc888670c}</UniqueIdentifier>
    </Filter>
    <Filter Include="windows\view">
      <UniqueIdentifier>{48b38324-b9a9-4e12-af30-45e7993e7e32}</UniqueIdentifier>
    </Filter>
    <Filter Include="windows\weather">
      <UniqueIdentifier>{57348fea-1dd4-47e2-ad23-fcb66b4c9dd8}</UniqueIdentifier>
    </Filter>
    <Filter Include="windows\weather\weathers">
      <UniqueIdentifier>{9878e3a1-ae86-4c13-8cfa-108d4b461463}</UniqueIdentifier>
    </Filter>
    <Filter Include="windows\weather\levels">
      <UniqueIdentifier>{7459cf63-0386-483a-9164-1b283a0f522d}</UniqueIdentifier>
    </Filter>
    <Filter Include="windows\weather\editor">
      <UniqueIdentifier>{83654a10-b014-445c-8731-103711c525d9}</UniqueIdentifier>
    </Filter>
    <Filter Include="windows\tree_values">
      <UniqueIdentifier>{e3288534-d3f4-426f-ac46-70d931666250}</UniqueIdentifier>
    </Filter>
    <Filter Include="core">
      <UniqueIdentifier>{c40e37cd-9e02-4052-9846-d86c197bbe4d}</UniqueIdentifier>
    </Filter>
    <Filter Include="interfaces">
      <UniqueIdentifier>{beb98e92-b7e0-4766-8f41-c5046201cbf6}</UniqueIdentifier>
    </Filter>
    <Filter Include="implementations">
      <UniqueIdentifier>{dc4a602e-d826-4e90-9204-7450ace29622}</UniqueIdentifier>
    </Filter>
    <Filter Include="implementations\properties">
      <UniqueIdentifier>{af8eda54-91e0-4531-a5cd-c325b2487326}</UniqueIdentifier>
    </Filter>
    <Filter Include="implementations\properties\values">
      <UniqueIdentifier>{14f091ec-8192-4df3-9e67-5d4111c4dd14}</UniqueIdentifier>
    </Filter>
    <Filter Include="implementations\properties\values\boolean">
      <UniqueIdentifier>{b955f08e-a31c-4443-875f-af9c33b454a0}</UniqueIdentifier>
    </Filter>
    <Filter Include="implementations\properties\values\boolean\values">
      <UniqueIdentifier>{2164e865-09c8-4cde-aa22-d40b2b8b6bf1}</UniqueIdentifier>
    </Filter>
    <Filter Include="implementations\properties\values\boolean\values\value">
      <UniqueIdentifier>{703466eb-aa22-4c3e-aa38-595f2dcfb1be}</UniqueIdentifier>
    </Filter>
    <Filter Include="implementations\properties\values\boolean\values\converter">
      <UniqueIdentifier>{ebe7674d-a869-48ba-a5b7-0265f57b2608}</UniqueIdentifier>
    </Filter>
    <Filter Include="implementations\properties\values\boolean\values\reference">
      <UniqueIdentifier>{52b267ad-19dc-419b-9ecf-c26f87de069f}</UniqueIdentifier>
    </Filter>
    <Filter Include="implementations\properties\values\boolean\value">
      <UniqueIdentifier>{bc22cd70-fafe-48c1-8f78-779d529f8f1d}</UniqueIdentifier>
    </Filter>
    <Filter Include="implementations\properties\values\boolean\value\reference">
      <UniqueIdentifier>{0297f7d4-2702-48f8-a538-5759aed34ddd}</UniqueIdentifier>
    </Filter>
    <Filter Include="implementations\properties\values\boolean\value\value">
      <UniqueIdentifier>{23c7d11d-5cba-414f-9e51-f621a082d8ca}</UniqueIdentifier>
    </Filter>
    <Filter Include="implementations\properties\values\vec3f">
      <UniqueIdentifier>{40b9c211-ead0-4da2-a297-c3159f630eba}</UniqueIdentifier>
    </Filter>
    <Filter Include="implementations\properties\values\vec3f\base">
      <UniqueIdentifier>{efd47cfa-f9a8-4e6d-a506-30be0faf98cc}</UniqueIdentifier>
    </Filter>
    <Filter Include="implementations\properties\values\vec3f\converter">
      <UniqueIdentifier>{0305cac6-d64f-4b88-a326-9b38ba6525ee}</UniqueIdentifier>
    </Filter>
    <Filter Include="implementations\properties\values\vec3f\reference">
      <UniqueIdentifier>{88fb597b-6774-4b48-962f-79d8d8c8ebee}</UniqueIdentifier>
    </Filter>
    <Filter Include="implementations\properties\values\vec3f\value">
      <UniqueIdentifier>{27652c4f-c7af-4fd0-a3ee-d044cb16488c}</UniqueIdentifier>
    </Filter>
    <Filter Include="implementations\properties\values\collection">
      <UniqueIdentifier>{22e78cb4-5a2e-4ed8-b649-a7a4cb53dee0}</UniqueIdentifier>
    </Filter>
    <Filter Include="implementations\properties\values\collection\converter">
      <UniqueIdentifier>{d8359fb0-c9dc-41e9-848a-1af272ef343b}</UniqueIdentifier>
    </Filter>
    <Filter Include="implementations\properties\values\collection\editor">
      <UniqueIdentifier>{07550d2d-6125-4d22-a44b-c84f7789ac4e}</UniqueIdentifier>
    </Filter>
    <Filter Include="implementations\properties\values\collection\enumerator">
      <UniqueIdentifier>{fc84e1cd-324d-492a-9c21-72546543888f}</UniqueIdentifier>
    </Filter>
    <Filter Include="implementations\properties\values\collection\value">
      <UniqueIdentifier>{d6e82e8c-ce74-4d26-bcef-c12f7bf5f26f}</UniqueIdentifier>
    </Filter>
    <Filter Include="implementations\properties\values\collection\value\value">
      <UniqueIdentifier>{b73be88c-205a-49ed-93d9-09b19b35095e}</UniqueIdentifier>
    </Filter>
    <Filter Include="implementations\properties\values\collection\value\getter">
      <UniqueIdentifier>{16483cf3-fdd5-48f2-ac1a-b03141b3c0aa}</UniqueIdentifier>
    </Filter>
    <Filter Include="implementations\properties\values\collection\value\base">
      <UniqueIdentifier>{66a01679-756f-4353-b6a4-db99b672da6e}</UniqueIdentifier>
    </Filter>
    <Filter Include="implementations\properties\values\color">
      <UniqueIdentifier>{c58ce8f5-8b0c-44bc-b45d-25d7b0ce6a91}</UniqueIdentifier>
    </Filter>
    <Filter Include="implementations\properties\values\color\value">
      <UniqueIdentifier>{261245f2-3ef0-4838-83c3-02f975f45687}</UniqueIdentifier>
    </Filter>
    <Filter Include="implementations\properties\values\color\converter">
      <UniqueIdentifier>{a6f384e4-d573-4812-ad6c-8eb7110da4cd}</UniqueIdentifier>
    </Filter>
    <Filter Include="implementations\properties\values\color\editor">
      <UniqueIdentifier>{534044c1-802c-4af8-986d-b7f9946e37a6}</UniqueIdentifier>
    </Filter>
    <Filter Include="implementations\properties\values\color\reference">
      <UniqueIdentifier>{4fad681f-33a6-40da-a0cb-75dc886859bd}</UniqueIdentifier>
    </Filter>
    <Filter Include="implementations\properties\values\color\base">
      <UniqueIdentifier>{806634f7-5e3a-4d35-babe-b3710bc9ac59}</UniqueIdentifier>
    </Filter>
    <Filter Include="implementations\properties\values\container">
      <UniqueIdentifier>{a54429ac-91f9-4dd3-a0f7-2d82a6d6b429}</UniqueIdentifier>
    </Filter>
    <Filter Include="implementations\properties\values\container\converter">
      <UniqueIdentifier>{0c30e8b3-3ae7-4725-8c6c-3e1adf851eb5}</UniqueIdentifier>
    </Filter>
    <Filter Include="implementations\properties\values\container\value">
      <UniqueIdentifier>{2c251870-4100-491e-9a04-bb812158c3aa}</UniqueIdentifier>
    </Filter>
    <Filter Include="implementations\properties\values\float">
      <UniqueIdentifier>{4c2d3fe8-e5b0-45f7-aff4-c03c75936048}</UniqueIdentifier>
    </Filter>
    <Filter Include="implementations\properties\values\float\value">
      <UniqueIdentifier>{8177116f-4b37-4594-991a-a29189b6c9f6}</UniqueIdentifier>
    </Filter>
    <Filter Include="implementations\properties\values\float\value\value">
      <UniqueIdentifier>{28fb90a0-76ab-4788-9a97-3d79d750dfac}</UniqueIdentifier>
    </Filter>
    <Filter Include="implementations\properties\values\float\value\reference">
      <UniqueIdentifier>{541dcffc-055b-48ab-a5a0-07e1015bc454}</UniqueIdentifier>
    </Filter>
    <Filter Include="implementations\properties\values\float\values_enum">
      <UniqueIdentifier>{9afe82ca-56a2-447a-8fca-b49093bb5671}</UniqueIdentifier>
    </Filter>
    <Filter Include="implementations\properties\values\float\values_enum\value">
      <UniqueIdentifier>{c60275a5-b80a-482b-ae35-3435e9d14c90}</UniqueIdentifier>
    </Filter>
    <Filter Include="implementations\properties\values\float\values_enum\converter">
      <UniqueIdentifier>{6dcd7825-fedd-4412-939e-e50dda2c499b}</UniqueIdentifier>
    </Filter>
    <Filter Include="implementations\properties\values\float\values_enum\reference">
      <UniqueIdentifier>{7ce8dda4-e00e-4a7a-8376-da313ad49e5c}</UniqueIdentifier>
    </Filter>
    <Filter Include="implementations\properties\values\float\value_limited">
      <UniqueIdentifier>{12ad2779-1663-459f-9bc2-7d0b059db749}</UniqueIdentifier>
    </Filter>
    <Filter Include="implementations\properties\values\float\value_limited\value">
      <UniqueIdentifier>{17d746c4-a3ed-4d0c-9397-17fa32cc3afa}</UniqueIdentifier>
    </Filter>
    <Filter Include="implementations\properties\values\float\value_limited\reference">
      <UniqueIdentifier>{9010d89c-0526-4289-bd7c-2b2dc499b509}</UniqueIdentifier>
    </Filter>
    <Filter Include="implementations\properties\values\float\converter">
      <UniqueIdentifier>{1a5a1331-9656-4bab-bdb4-c30ba418cb05}</UniqueIdentifier>
    </Filter>
    <Filter Include="implementations\properties\values\integer">
      <UniqueIdentifier>{1afb2a88-853b-48eb-98d5-9833c5d7154b}</UniqueIdentifier>
    </Filter>
    <Filter Include="implementations\properties\values\integer\value">
      <UniqueIdentifier>{c5e17bc5-fb64-4cf7-9d69-3fdac1e2fd79}</UniqueIdentifier>
    </Filter>
    <Filter Include="implementations\properties\values\integer\value\value">
      <UniqueIdentifier>{a3975229-4c27-48e1-806b-eaa62835f8a1}</UniqueIdentifier>
    </Filter>
    <Filter Include="implementations\properties\values\integer\value\reference">
      <UniqueIdentifier>{0c299c86-5e93-42f2-a49f-fa849bf4539a}</UniqueIdentifier>
    </Filter>
    <Filter Include="implementations\properties\values\integer\values">
      <UniqueIdentifier>{17ee6943-58d6-4db4-9532-6eb44299c0cc}</UniqueIdentifier>
    </Filter>
    <Filter Include="implementations\properties\values\integer\values\value">
      <UniqueIdentifier>{87eae1de-2bab-43ce-815e-19d60e8b3a9b}</UniqueIdentifier>
    </Filter>
    <Filter Include="implementations\properties\values\integer\values\converter">
      <UniqueIdentifier>{5a34c2c0-4fdf-4402-8976-510b845961de}</UniqueIdentifier>
    </Filter>
    <Filter Include="implementations\properties\values\integer\values\reference">
      <UniqueIdentifier>{54eef49e-5423-483d-baeb-68b9e31a60e4}</UniqueIdentifier>
    </Filter>
    <Filter Include="implementations\properties\values\integer\values\base">
      <UniqueIdentifier>{c4b2732a-e064-4b8b-a90d-7ba34a5076e1}</UniqueIdentifier>
    </Filter>
    <Filter Include="implementations\properties\values\integer\values\value_getter">
      <UniqueIdentifier>{674b5112-ba08-462b-9fd3-d765a7ea8b44}</UniqueIdentifier>
    </Filter>
    <Filter Include="implementations\properties\values\integer\values\reference_getter">
      <UniqueIdentifier>{0c2b25ba-3e28-4155-82ff-00b2a39b5b27}</UniqueIdentifier>
    </Filter>
    <Filter Include="implementations\properties\values\integer\value_limited">
      <UniqueIdentifier>{8ea70792-53a3-46b3-a095-f5bab2cc81fa}</UniqueIdentifier>
    </Filter>
    <Filter Include="implementations\properties\values\integer\value_limited\value">
      <UniqueIdentifier>{ad318c42-97c1-4bf7-bb02-30ed8388b058}</UniqueIdentifier>
    </Filter>
    <Filter Include="implementations\properties\values\integer\value_limited\reference">
      <UniqueIdentifier>{84e5a34d-f107-4e8e-87aa-7e2f2f87cd01}</UniqueIdentifier>
    </Filter>
    <Filter Include="implementations\properties\values\integer\values_enum">
      <UniqueIdentifier>{38353e3a-4b21-48ee-8e69-651a61df618f}</UniqueIdentifier>
    </Filter>
    <Filter Include="implementations\properties\values\integer\values_enum\value">
      <UniqueIdentifier>{f92edc96-4cb2-4c42-bbe1-df949a078f50}</UniqueIdentifier>
    </Filter>
    <Filter Include="implementations\properties\values\integer\values_enum\converter">
      <UniqueIdentifier>{0aa1699a-bab5-4e87-8a45-788f4ff8652e}</UniqueIdentifier>
    </Filter>
    <Filter Include="implementations\properties\values\integer\values_enum\reference">
      <UniqueIdentifier>{1b5cb910-6cb5-498c-8363-e7f3e5eb2caf}</UniqueIdentifier>
    </Filter>
    <Filter Include="implementations\properties\values\string">
      <UniqueIdentifier>{40882ce2-372f-4c0c-8719-7ae919a8ed1e}</UniqueIdentifier>
    </Filter>
    <Filter Include="implementations\properties\values\string\file_name">
      <UniqueIdentifier>{5b1ed2c2-7c63-4bb1-9e69-658640014820}</UniqueIdentifier>
    </Filter>
    <Filter Include="implementations\properties\values\string\file_name\editor">
      <UniqueIdentifier>{e9cec9a6-ac06-40b8-a15a-c9f8216bbfa7}</UniqueIdentifier>
    </Filter>
    <Filter Include="implementations\properties\values\string\file_name\value">
      <UniqueIdentifier>{b12d7cf3-a8dc-40be-8ab7-a529571f6564}</UniqueIdentifier>
    </Filter>
    <Filter Include="implementations\properties\values\string\file_name\shared_str">
      <UniqueIdentifier>{7b1bb1d4-cf88-46c9-bd4a-5026165c8c1a}</UniqueIdentifier>
    </Filter>
    <Filter Include="implementations\properties\values\string\file_name\base">
      <UniqueIdentifier>{f663f0e6-ef37-4e78-9b97-c4a6b333649e}</UniqueIdentifier>
    </Filter>
    <Filter Include="implementations\properties\values\string\value">
      <UniqueIdentifier>{f40c6ea9-e3d1-450d-bab7-01bc43b805b0}</UniqueIdentifier>
    </Filter>
    <Filter Include="implementations\properties\values\string\value\value">
      <UniqueIdentifier>{5bd344ed-0ab4-439a-b000-e6db2ac258a1}</UniqueIdentifier>
    </Filter>
    <Filter Include="implementations\properties\values\string\value\shared_str">
      <UniqueIdentifier>{9e43ce42-2a81-4766-b001-59a7077c7bb3}</UniqueIdentifier>
    </Filter>
    <Filter Include="implementations\properties\values\string\values">
      <UniqueIdentifier>{157a4acf-e99f-4f82-b5d8-77f12c6a0c6c}</UniqueIdentifier>
    </Filter>
    <Filter Include="implementations\properties\values\string\values\value">
      <UniqueIdentifier>{6b8c3ee4-76ba-40c0-a9cf-e72371d29913}</UniqueIdentifier>
    </Filter>
    <Filter Include="implementations\properties\values\string\values\converter">
      <UniqueIdentifier>{f87b155a-dce4-477a-ad15-38479a4d93dd}</UniqueIdentifier>
    </Filter>
    <Filter Include="implementations\properties\values\string\values\shared_str">
      <UniqueIdentifier>{a8bfc49a-9e34-4a26-b33b-e8b4c27ea20e}</UniqueIdentifier>
    </Filter>
    <Filter Include="implementations\properties\values\string\values\base">
      <UniqueIdentifier>{0f87e407-7ebb-48b2-a2f0-bf5b45b6ef4c}</UniqueIdentifier>
    </Filter>
    <Filter Include="implementations\properties\values\string\values\shared_str_getter">
      <UniqueIdentifier>{0eea4b0a-b4e0-4bcc-a6db-50cab4d934a4}</UniqueIdentifier>
    </Filter>
    <Filter Include="implementations\properties\values\string\values\value_getter">
      <UniqueIdentifier>{082cd480-795e-4897-b147-466ba18f7e3d}</UniqueIdentifier>
    </Filter>
    <Filter Include="implementations\properties\values\string\tree_values">
      <UniqueIdentifier>{cdeb2b88-1c64-4e71-81f5-4f8283c8d633}</UniqueIdentifier>
    </Filter>
    <Filter Include="implementations\properties\values\string\tree_values\editor">
      <UniqueIdentifier>{6b2d9354-dbcb-4deb-8411-4ac77b321676}</UniqueIdentifier>
    </Filter>
    <Filter Include="implementations\properties\values\string\tree_values\converter">
      <UniqueIdentifier>{ffd01939-62d7-4914-a80b-1c3290e2531a}</UniqueIdentifier>
    </Filter>
    <Filter Include="implementations\properties\container">
      <UniqueIdentifier>{bb7d5639-0dd8-4daf-93b2-0ce0f65061c4}</UniqueIdentifier>
    </Filter>
    <Filter Include="implementations\properties\holder">
      <UniqueIdentifier>{49c92361-5a1c-476c-a734-8779a12e0a82}</UniqueIdentifier>
    </Filter>
    <Filter Include="implementations\ide">
      <UniqueIdentifier>{01f12b44-3293-4657-8d81-2d2124841cce}</UniqueIdentifier>
    </Filter>
    <Filter Include="resources">
      <UniqueIdentifier>{b16b1c92-c301-487d-816b-969ad0590129}</UniqueIdentifier>
    </Filter>
  </ItemGroup>
  <ItemGroup>
    <ClCompile Include="window_ide.cpp">
      <Filter>windows\ide</Filter>
    </ClCompile>
    <ClCompile Include="window_ide_serialize.cpp">
      <Filter>windows\ide</Filter>
    </ClCompile>
    <ClCompile Include="window_view.cpp">
      <Filter>windows\view</Filter>
    </ClCompile>
    <ClCompile Include="window_weather.cpp">
      <Filter>windows\weather\weathers</Filter>
    </ClCompile>
    <ClCompile Include="window_levels.cpp">
      <Filter>windows\weather\levels</Filter>
    </ClCompile>
    <ClCompile Include="window_weather_editor.cpp">
      <Filter>windows\weather\editor</Filter>
    </ClCompile>
    <ClCompile Include="window_tree_values.cpp">
      <Filter>windows\tree_values</Filter>
    </ClCompile>
    <ClCompile Include="AssemblyInfo.cpp">
      <Filter>core</Filter>
    </ClCompile>
    <ClCompile Include="entry_point.cpp">
      <Filter>core</Filter>
    </ClCompile>
    <ClCompile Include="pch.cpp">
      <Filter>core</Filter>
    </ClCompile>
    <ClCompile Include="property_boolean_values_value.cpp">
      <Filter>implementations\properties\values\boolean\values\value</Filter>
    </ClCompile>
    <ClCompile Include="property_converter_boolean_values.cpp">
      <Filter>implementations\properties\values\boolean\values\converter</Filter>
    </ClCompile>
    <ClCompile Include="property_boolean_values_value_reference.cpp">
      <Filter>implementations\properties\values\boolean\values\reference</Filter>
    </ClCompile>
    <ClCompile Include="property_boolean_reference.cpp">
      <Filter>implementations\properties\values\boolean\value\reference</Filter>
    </ClCompile>
    <ClCompile Include="property_boolean.cpp">
      <Filter>implementations\properties\values\boolean\value\value</Filter>
    </ClCompile>
    <ClCompile Include="property_vec3f_base.cpp">
      <Filter>implementations\properties\values\vec3f\base</Filter>
    </ClCompile>
    <ClCompile Include="property_converter_vec3f.cpp">
      <Filter>implementations\properties\values\vec3f\converter</Filter>
    </ClCompile>
    <ClCompile Include="property_vec3f_reference.cpp">
      <Filter>implementations\properties\values\vec3f\reference</Filter>
    </ClCompile>
    <ClCompile Include="property_vec3f.cpp">
      <Filter>implementations\properties\values\vec3f\value</Filter>
    </ClCompile>
    <ClCompile Include="property_collection_converter.cpp">
      <Filter>implementations\properties\values\collection\converter</Filter>
    </ClCompile>
    <ClCompile Include="property_collection_editor.cpp">
      <Filter>implementations\properties\values\collection\editor</Filter>
    </ClCompile>
    <ClCompile Include="property_collection_enumerator.cpp">
      <Filter>implementations\properties\values\collection\enumerator</Filter>
    </ClCompile>
    <ClCompile Include="property_collection.cpp">
      <Filter>implementations\properties\values\collection\value\value</Filter>
    </ClCompile>
    <ClCompile Include="property_collection_getter.cpp">
      <Filter>implementations\properties\values\collection\value\getter</Filter>
    </ClCompile>
    <ClCompile Include="property_collection_base.cpp">
      <Filter>implementations\properties\values\collection\value\base</Filter>
    </ClCompile>
    <ClCompile Include="property_color.cpp">
      <Filter>implementations\properties\values\color\value</Filter>
    </ClCompile>
    <ClCompile Include="property_converter_color.cpp">
      <Filter>implementations\properties\values\color\converter</Filter>
    </ClCompile>
    <ClCompile Include="property_editor_color.cpp">
      <Filter>implementations\properties\values\color\editor</Filter>
    </ClCompile>
    <ClCompile Include="property_color_reference.cpp">
      <Filter>implementations\properties\values\color\reference</Filter>
    </ClCompile>
    <ClCompile Include="property_color_base.cpp">
      <Filter>implementations\properties\values\color\base</Filter>
    </ClCompile>
    <ClCompile Include="property_container_converter.cpp">
      <Filter>implementations\properties\values\container\converter</Filter>
    </ClCompile>
    <ClCompile Include="property_property_container.cpp">
      <Filter>implementations\properties\values\container\value</Filter>
    </ClCompile>
    <ClCompile Include="property_float.cpp">
      <Filter>implementations\properties\values\float\value\value</Filter>
    </ClCompile>
    <ClCompile Include="property_float_reference.cpp">
      <Filter>implementations\properties\values\float\value\reference</Filter>
    </ClCompile>
    <ClCompile Include="property_float_enum_value.cpp">
      <Filter>implementations\properties\values\float\values_enum\value</Filter>
    </ClCompile>
    <ClCompile Include="property_converter_float_enum.cpp">
      <Filter>implementations\properties\values\float\values_enum\converter</Filter>
    </ClCompile>
    <ClCompile Include="property_float_enum_value_reference.cpp">
      <Filter>implementations\properties\values\float\values_enum\reference</Filter>
    </ClCompile>
    <ClCompile Include="property_float_limited.cpp">
      <Filter>implementations\properties\values\float\value_limited\value</Filter>
    </ClCompile>
    <ClCompile Include="property_float_limited_reference.cpp">
      <Filter>implementations\properties\values\float\value_limited\reference</Filter>
    </ClCompile>
    <ClCompile Include="property_converter_float.cpp">
      <Filter>implementations\properties\values\float\converter</Filter>
    </ClCompile>
    <ClCompile Include="property_integer.cpp">
      <Filter>implementations\properties\values\integer\value\value</Filter>
    </ClCompile>
    <ClCompile Include="property_integer_reference.cpp">
      <Filter>implementations\properties\values\integer\value\reference</Filter>
    </ClCompile>
    <ClCompile Include="property_integer_values_value.cpp">
      <Filter>implementations\properties\values\integer\values\value</Filter>
    </ClCompile>
    <ClCompile Include="property_converter_integer_values.cpp">
      <Filter>implementations\properties\values\integer\values\converter</Filter>
    </ClCompile>
    <ClCompile Include="property_integer_values_value_reference.cpp">
      <Filter>implementations\properties\values\integer\values\reference</Filter>
    </ClCompile>
    <ClCompile Include="property_integer_values_value_getter.cpp">
      <Filter>implementations\properties\values\integer\values\value_getter</Filter>
    </ClCompile>
    <ClCompile Include="property_integer_values_value_reference_getter.cpp">
      <Filter>implementations\properties\values\integer\values\reference_getter</Filter>
    </ClCompile>
    <ClCompile Include="property_integer_limited.cpp">
      <Filter>implementations\properties\values\integer\value_limited\value</Filter>
    </ClCompile>
    <ClCompile Include="property_integer_limited_reference.cpp">
      <Filter>implementations\properties\values\integer\value_limited\reference</Filter>
    </ClCompile>
    <ClCompile Include="property_integer_enum_value.cpp">
      <Filter>implementations\properties\values\integer\values_enum\value</Filter>
    </ClCompile>
    <ClCompile Include="property_converter_integer_enum.cpp">
      <Filter>implementations\properties\values\integer\values_enum\converter</Filter>
    </ClCompile>
    <ClCompile Include="property_integer_enum_value_reference.cpp">
      <Filter>implementations\properties\values\integer\values_enum\reference</Filter>
    </ClCompile>
    <ClCompile Include="property_editor_file_name.cpp">
      <Filter>implementations\properties\values\string\file_name\editor</Filter>
    </ClCompile>
    <ClCompile Include="property_file_name_value.cpp">
      <Filter>implementations\properties\values\string\file_name\value</Filter>
    </ClCompile>
    <ClCompile Include="property_file_name_value_shared_str.cpp">
      <Filter>implementations\properties\values\string\file_name\shared_str</Filter>
    </ClCompile>
    <ClCompile Include="property_string.cpp">
      <Filter>implementations\properties\values\string\value\value</Filter>
    </ClCompile>
    <ClCompile Include="property_string_shared_str.cpp">
      <Filter>implementations\properties\values\string\value\shared_str</Filter>
    </ClCompile>
    <ClCompile Include="property_string_values_value.cpp">
      <Filter>implementations\properties\values\string\values\value</Filter>
    </ClCompile>
    <ClCompile Include="property_converter_string_values.cpp">
      <Filter>implementations\properties\values\string\values\converter</Filter>
    </ClCompile>
    <ClCompile Include="property_string_values_value_shared_str.cpp">
      <Filter>implementations\properties\values\string\values\shared_str</Filter>
    </ClCompile>
    <ClCompile Include="property_string_values_value_shared_str_getter.cpp">
      <Filter>implementations\properties\values\string\values\shared_str_getter</Filter>
    </ClCompile>
    <ClCompile Include="property_string_values_value_getter.cpp">
      <Filter>implementations\properties\values\string\values\value_getter</Filter>
    </ClCompile>
    <ClCompile Include="property_editor_tree_values.cpp">
      <Filter>implementations\properties\values\string\tree_values\editor</Filter>
    </ClCompile>
    <ClCompile Include="property_converter_tree_values.cpp">
      <Filter>implementations\properties\values\string\tree_values\converter</Filter>
    </ClCompile>
    <ClCompile Include="property_container.cpp">
      <Filter>implementations\properties\container</Filter>
    </ClCompile>
    <ClCompile Include="property_holder.cpp">
      <Filter>implementations\properties\holder</Filter>
    </ClCompile>
    <ClCompile Include="property_holder_boolean.cpp">
      <Filter>implementations\properties\holder</Filter>
    </ClCompile>
    <ClCompile Include="property_holder_collection.cpp">
      <Filter>implementations\properties\holder</Filter>
    </ClCompile>
    <ClCompile Include="property_holder_color.cpp">
      <Filter>implementations\properties\holder</Filter>
    </ClCompile>
    <ClCompile Include="property_holder_container.cpp">
      <Filter>implementations\properties\holder</Filter>
    </ClCompile>
    <ClCompile Include="property_holder_float.cpp">
      <Filter>implementations\properties\holder</Filter>
    </ClCompile>
    <ClCompile Include="property_holder_integer.cpp">
      <Filter>implementations\properties\holder</Filter>
    </ClCompile>
    <ClCompile Include="property_holder_string.cpp">
      <Filter>implementations\properties\holder</Filter>
    </ClCompile>
    <ClCompile Include="property_holder_vec3f.cpp">
      <Filter>implementations\properties\holder</Filter>
    </ClCompile>
    <ClCompile Include="ide_impl.cpp">
      <Filter>implementations\ide</Filter>
    </ClCompile>
  </ItemGroup>
  <ItemGroup>
    <ClInclude Include="window_ide.h">
      <Filter>windows\ide</Filter>
    </ClInclude>
    <ClInclude Include="window_view.h">
      <Filter>windows\view</Filter>
    </ClInclude>
    <ClInclude Include="window_weather.h">
      <Filter>windows\weather\weathers</Filter>
    </ClInclude>
    <ClInclude Include="window_levels.h">
      <Filter>windows\weather\levels</Filter>
    </ClInclude>
    <ClInclude Include="window_weather_editor.h">
      <Filter>windows\weather\editor</Filter>
    </ClInclude>
    <ClInclude Include="window_tree_values.h">
      <Filter>windows\tree_values</Filter>
    </ClInclude>
    <ClInclude Include="engine_include.hpp">
      <Filter>core</Filter>
    </ClInclude>
    <ClInclude Include="pch.hpp">
      <Filter>core</Filter>
    </ClInclude>
    <ClInclude Include="..\Include\editor\engine.hpp">
      <Filter>interfaces</Filter>
    </ClInclude>
    <ClInclude Include="..\Include\editor\ide.hpp">
      <Filter>interfaces</Filter>
    </ClInclude>
    <ClInclude Include="..\Include\editor\interfaces.hpp">
      <Filter>interfaces</Filter>
    </ClInclude>
    <ClInclude Include="..\Include\editor\property_holder.hpp">
      <Filter>interfaces</Filter>
    </ClInclude>
    <ClInclude Include="property_holder_include.hpp">
      <Filter>implementations\properties</Filter>
    </ClInclude>
    <ClInclude Include="property_boolean_values_value.hpp">
      <Filter>implementations\properties\values\boolean\values\value</Filter>
    </ClInclude>
    <ClInclude Include="property_converter_boolean_values.hpp">
      <Filter>implementations\properties\values\boolean\values\converter</Filter>
    </ClInclude>
    <ClInclude Include="property_boolean_values_value_reference.hpp">
      <Filter>implementations\properties\values\boolean\values\reference</Filter>
    </ClInclude>
    <ClInclude Include="property_boolean_reference.hpp">
      <Filter>implementations\properties\values\boolean\value\reference</Filter>
    </ClInclude>
    <ClInclude Include="property_boolean.hpp">
      <Filter>implementations\properties\values\boolean\value\value</Filter>
    </ClInclude>
    <ClInclude Include="property_vec3f_base.hpp">
      <Filter>implementations\properties\values\vec3f\base</Filter>
    </ClInclude>
    <ClInclude Include="property_converter_vec3f.hpp">
      <Filter>implementations\properties\values\vec3f\converter</Filter>
    </ClInclude>
    <ClInclude Include="property_vec3f_reference.hpp">
      <Filter>implementations\properties\values\vec3f\reference</Filter>
    </ClInclude>
    <ClInclude Include="property_vec3f.hpp">
      <Filter>implementations\properties\values\vec3f\value</Filter>
    </ClInclude>
    <ClInclude Include="property_collection_converter.hpp">
      <Filter>implementations\properties\values\collection\converter</Filter>
    </ClInclude>
    <ClInclude Include="property_collection_editor.hpp">
      <Filter>implementations\properties\values\collection\editor</Filter>
    </ClInclude>
    <ClInclude Include="property_collection_enumerator.hpp">
      <Filter>implementations\properties\values\collection\enumerator</Filter>
    </ClInclude>
    <ClInclude Include="property_collection.hpp">
      <Filter>implementations\properties\values\collection\value\value</Filter>
    </ClInclude>
    <ClInclude Include="property_collection_getter.hpp">
      <Filter>implementations\properties\values\collection\value\getter</Filter>
    </ClInclude>
    <ClInclude Include="property_collection_base.hpp">
      <Filter>implementations\properties\values\collection\value\base</Filter>
    </ClInclude>
    <ClInclude Include="property_color.hpp">
      <Filter>implementations\properties\values\color\value</Filter>
    </ClInclude>
    <ClInclude Include="property_converter_color.hpp">
      <Filter>implementations\properties\values\color\converter</Filter>
    </ClInclude>
    <ClInclude Include="property_editor_color.hpp">
      <Filter>implementations\properties\values\color\editor</Filter>
    </ClInclude>
    <ClInclude Include="property_color_reference.hpp">
      <Filter>implementations\properties\values\color\reference</Filter>
    </ClInclude>
    <ClInclude Include="property_color_base.hpp">
      <Filter>implementations\properties\values\color\base</Filter>
    </ClInclude>
    <ClInclude Include="property_container_converter.hpp">
      <Filter>implementations\properties\values\container\converter</Filter>
    </ClInclude>
    <ClInclude Include="property_property_container.hpp">
      <Filter>implementations\properties\values\container\value</Filter>
    </ClInclude>
    <ClInclude Include="property_float.hpp">
      <Filter>implementations\properties\values\float\value\value</Filter>
    </ClInclude>
    <ClInclude Include="property_float_reference.hpp">
      <Filter>implementations\properties\values\float\value\reference</Filter>
    </ClInclude>
    <ClInclude Include="property_float_enum_value.hpp">
      <Filter>implementations\properties\values\float\values_enum\value</Filter>
    </ClInclude>
    <ClInclude Include="property_converter_float_enum.hpp">
      <Filter>implementations\properties\values\float\values_enum\converter</Filter>
    </ClInclude>
    <ClInclude Include="property_float_enum_value_reference.hpp">
      <Filter>implementations\properties\values\float\values_enum\reference</Filter>
    </ClInclude>
    <ClInclude Include="property_float_limited.hpp">
      <Filter>implementations\properties\values\float\value_limited\value</Filter>
    </ClInclude>
    <ClInclude Include="property_float_limited_reference.hpp">
      <Filter>implementations\properties\values\float\value_limited\reference</Filter>
    </ClInclude>
    <ClInclude Include="property_converter_float.hpp">
      <Filter>implementations\properties\values\float\converter</Filter>
    </ClInclude>
    <ClInclude Include="property_integer.hpp">
      <Filter>implementations\properties\values\integer\value\value</Filter>
    </ClInclude>
    <ClInclude Include="property_integer_reference.hpp">
      <Filter>implementations\properties\values\integer\value\reference</Filter>
    </ClInclude>
    <ClInclude Include="property_integer_values_value.hpp">
      <Filter>implementations\properties\values\integer\values\value</Filter>
    </ClInclude>
    <ClInclude Include="property_converter_integer_values.hpp">
      <Filter>implementations\properties\values\integer\values\converter</Filter>
    </ClInclude>
    <ClInclude Include="property_integer_values_value_reference.hpp">
      <Filter>implementations\properties\values\integer\values\reference</Filter>
    </ClInclude>
    <ClInclude Include="property_integer_values_value_base.hpp">
      <Filter>implementations\properties\values\integer\values\base</Filter>
    </ClInclude>
    <ClInclude Include="property_integer_values_value_getter.hpp">
      <Filter>implementations\properties\values\integer\values\value_getter</Filter>
    </ClInclude>
    <ClInclude Include="property_integer_values_value_reference_getter.hpp">
      <Filter>implementations\properties\values\integer\values\reference_getter</Filter>
    </ClInclude>
    <ClInclude Include="property_integer_limited.hpp">
      <Filter>implementations\properties\values\integer\value_limited\value</Filter>
    </ClInclude>
    <ClInclude Include="property_integer_limited_reference.hpp">
      <Filter>implementations\properties\values\integer\value_limited\reference</Filter>
    </ClInclude>
    <ClInclude Include="property_integer_enum_value.hpp">
      <Filter>implementations\properties\values\integer\values_enum\value</Filter>
    </ClInclude>
    <ClInclude Include="property_converter_integer_enum.hpp">
      <Filter>implementations\properties\values\integer\values_enum\converter</Filter>
    </ClInclude>
    <ClInclude Include="property_integer_enum_value_reference.hpp">
      <Filter>implementations\properties\values\integer\values_enum\reference</Filter>
    </ClInclude>
    <ClInclude Include="property_editor_file_name.hpp">
      <Filter>implementations\properties\values\string\file_name\editor</Filter>
    </ClInclude>
    <ClInclude Include="property_file_name_value.hpp">
      <Filter>implementations\properties\values\string\file_name\value</Filter>
    </ClInclude>
    <ClInclude Include="property_file_name_value_shared_str.hpp">
      <Filter>implementations\properties\values\string\file_name\shared_str</Filter>
    </ClInclude>
    <ClInclude Include="property_file_name_value_base.hpp">
      <Filter>implementations\properties\values\string\file_name\base</Filter>
    </ClInclude>
    <ClInclude Include="property_string.hpp">
      <Filter>implementations\properties\values\string\value\value</Filter>
    </ClInclude>
    <ClInclude Include="property_string_shared_str.hpp">
      <Filter>implementations\properties\values\string\value\shared_str</Filter>
    </ClInclude>
    <ClInclude Include="property_string_values_value.hpp">
      <Filter>implementations\properties\values\string\values\value</Filter>
    </ClInclude>
    <ClInclude Include="property_converter_string_values.hpp">
      <Filter>implementations\properties\values\string\values\converter</Filter>
    </ClInclude>
    <ClInclude Include="property_string_values_value_shared_str.hpp">
      <Filter>implementations\properties\values\string\values\shared_str</Filter>
    </ClInclude>
    <ClInclude Include="property_string_values_value_base.hpp">
      <Filter>implementations\properties\values\string\values\base</Filter>
    </ClInclude>
    <ClInclude Include="property_string_values_value_shared_str_getter.hpp">
      <Filter>implementations\properties\values\string\values\shared_str_getter</Filter>
    </ClInclude>
    <ClInclude Include="property_string_values_value_getter.hpp">
      <Filter>implementations\properties\values\string\values\value_getter</Filter>
    </ClInclude>
    <ClInclude Include="property_editor_tree_values.hpp">
      <Filter>implementations\properties\values\string\tree_values\editor</Filter>
    </ClInclude>
    <ClInclude Include="property_converter_tree_values.hpp">
      <Filter>implementations\properties\values\string\tree_values\converter</Filter>
    </ClInclude>
    <ClInclude Include="property_container.hpp">
      <Filter>implementations\properties\container</Filter>
    </ClInclude>
    <ClInclude Include="property_container_holder.hpp">
      <Filter>implementations\properties\container</Filter>
    </ClInclude>
    <ClInclude Include="property_holder.hpp">
      <Filter>implementations\properties\holder</Filter>
    </ClInclude>
    <ClInclude Include="ide_impl.hpp">
      <Filter>implementations\ide</Filter>
    </ClInclude>
    <ClInclude Include="resource.h">
      <Filter>resources</Filter>
    </ClInclude>
  </ItemGroup>
  <ItemGroup>
    <None Include="images\color_picker.cur">
      <Filter>resources</Filter>
    </None>
  </ItemGroup>
  <ItemGroup>
    <ResourceCompile Include="editor.rc">
      <Filter>resources</Filter>
    </ResourceCompile>
  </ItemGroup>
</Project>