<?xml version="1.0" encoding="utf-8"?>
<Project ToolsVersion="4.0" xmlns="http://schemas.microsoft.com/developer/msbuild/2003">
  <ItemGroup>
    <Filter Include="PPMTrain">
      <UniqueIdentifier>{21a4b8b7-a832-4937-877e-ab4d36917484}</UniqueIdentifier>
    </Filter>
  </ItemGroup>
  <ItemGroup>
    <ClCompile Include="PPMTrain.cpp">
      <Filter>PPMTrain</Filter>
    </ClCompile>
    <ClCompile Include="ctool.cpp" />
  </ItemGroup>
  <ItemGroup>
    <CustomBuild Include="PPMT_SA.hpp">
      <Filter>PPMTrain</Filter>
    </CustomBuild>
  </ItemGroup>
</Project>